
Microsoft Visual Studio Solution File, Format Version 10.00
# Visual Studio 2008
Project("{FAE04EC0-301F-11D3-BF4B-00C04F79EFBC}") = "DnetImportGenerator", "DnetImportGenerator\DnetImportGenerator.csproj", "{83208273-86BB-4BD7-B5BC-6A1DB8261316}"
EndProject
Global
	GlobalSection(SolutionConfigurationPlatforms) = preSolution
		Debug|Any CPU = Debug|Any CPU
		Release|Any CPU = Release|Any CPU
	EndGlobalSection
	GlobalSection(ProjectConfigurationPlatforms) = postSolution
		{83208273-86BB-4BD7-B5BC-6A1DB8261316}.Debug|Any CPU.ActiveCfg = Debug|Any CPU
		{83208273-86BB-4BD7-B5BC-6A1DB8261316}.Debug|Any CPU.Build.0 = Debug|Any CPU
		{83208273-86BB-4BD7-B5BC-6A1DB8261316}.Release|Any CPU.ActiveCfg = Release|Any CPU
		{83208273-86BB-4BD7-B5BC-6A1DB8261316}.Release|Any CPU.Build.0 = Release|Any CPU
	EndGlobalSection
	GlobalSection(SolutionProperties) = preSolution
		HideSolutionNode = FALSE
	EndGlobalSection
EndGlobal
